{
  "requires": true,
  "lockfileVersion": 1,
  "dependencies": {
    "@angular/youtube-player": {
      "version": "10.2.0",
      "resolved": "https://registry.npmjs.org/@angular/youtube-player/-/youtube-player-10.2.0.tgz",
      "integrity": "sha512-uuoWEGwCh1ziLdZWyvupG4q8zlHM1lSNuzFoEywufptrwV16OoaI8zkm7Zmi1RGJ4p/DeD9ia016adDvw0UchA==",
      "requires": {
        "@types/youtube": "^0.0.38",
        "tslib": "^2.0.0"
      }
    },
    "@types/youtube": {
      "version": "0.0.38",
      "resolved": "https://registry.npmjs.org/@types/youtube/-/youtube-0.0.38.tgz",
      "integrity": "sha512-rS0nLlnnZIvOfBNT4957rkKRMHjHxutoVhSEzowocYgNiTMVBmN+Hbkf/L3TeGMMtts9uKZ9gw7O2JLHREVnIw=="
    },
    "tslib": {
      "version": "2.0.1",
      "resolved": "https://registry.npmjs.org/tslib/-/tslib-2.0.1.tgz",
      "integrity": "sha512-SgIkNheinmEBgx1IUNirK0TUD4X9yjjBRTqqjggWCU3pUEqIk3/Uwl3yRixYKT6WjQuGiwDv4NomL3wqRCj+CQ=="
    }
  }
}
